
Microsoft Visual Studio Solution File, Format Version 12.00
# Visual Studio Version 16
VisualStudioVersion = 16.0.30517.126
MinimumVisualStudioVersion = 10.0.40219.1
Project("{9A19103F-16F7-4668-BE54-9A1E7A4F7556}") = "PoliklinikaAPI", "PoliklinikaAPI\PoliklinikaAPI.csproj", "{03AA7E93-8673-4492-A4E3-B12435F660E3}"
EndProject
Project("{9A19103F-16F7-4668-BE54-9A1E7A4F7556}") = "PoliklinikaDesktop", "PoliklinikaDesktop\PoliklinikaDesktop.csproj", "{92D20DD6-42DD-436A-882B-D8549D511E05}"
EndProject
Project("{9A19103F-16F7-4668-BE54-9A1E7A4F7556}") = "Poliklinika.Model", "Poliklinika.Model\Poliklinika.Model.csproj", "{14B13880-1D74-4851-A5F7-7956B71BB408}"
EndProject
Project("{2150E333-8FDC-42A3-9474-1A3956D46DE8}") = "Mobile", "Mobile", "{BC812A42-6FB2-4298-840E-F9717208ABF2}"
EndProject
Project("{FAE04EC0-301F-11D3-BF4B-00C04F79EFBC}") = "Poliklinika.Mobile.UWP", "Poliklinika.Mobile\Poliklinika.Mobile.UWP\Poliklinika.Mobile.UWP.csproj", "{2B16AC4A-078F-4373-89FC-B7B1C726F71D}"
EndProject
Project("{FAE04EC0-301F-11D3-BF4B-00C04F79EFBC}") = "Poliklinika.Mobile.Android", "Poliklinika.Mobile\Poliklinika.Mobile.Android\Poliklinika.Mobile.Android.csproj", "{6944510B-F38B-4A62-A27F-B2353A5FC615}"
EndProject
Project("{FAE04EC0-301F-11D3-BF4B-00C04F79EFBC}") = "Poliklinika.Mobile.iOS", "Poliklinika.Mobile\Poliklinika.Mobile.iOS\Poliklinika.Mobile.iOS.csproj", "{4E70B0F7-BCB7-4D63-949F-55BB9338C819}"
EndProject
Project("{FAE04EC0-301F-11D3-BF4B-00C04F79EFBC}") = "Poliklinika.Mobile", "Poliklinika.Mobile\Poliklinika.Mobile\Poliklinika.Mobile.csproj", "{7F3FB6F1-DADB-4C19-9058-F3E0D436171E}"
EndProject
Global
	GlobalSection(SolutionConfigurationPlatforms) = preSolution
		Debug|Any CPU = Debug|Any CPU
		Debug|ARM = Debug|ARM
		Debug|iPhone = Debug|iPhone
		Debug|iPhoneSimulator = Debug|iPhoneSimulator
		Debug|x64 = Debug|x64
		Debug|x86 = Debug|x86
		Release|Any CPU = Release|Any CPU
		Release|ARM = Release|ARM
		Release|iPhone = Release|iPhone
		Release|iPhoneSimulator = Release|iPhoneSimulator
		Release|x64 = Release|x64
		Release|x86 = Release|x86
	EndGlobalSection
	GlobalSection(ProjectConfigurationPlatforms) = postSolution
		{03AA7E93-8673-4492-A4E3-B12435F660E3}.Debug|Any CPU.ActiveCfg = Debug|Any CPU
		{03AA7E93-8673-4492-A4E3-B12435F660E3}.Debug|Any CPU.Build.0 = Debug|Any CPU
		{03AA7E93-8673-4492-A4E3-B12435F660E3}.Debug|ARM.ActiveCfg = Debug|Any CPU
		{03AA7E93-8673-4492-A4E3-B12435F660E3}.Debug|ARM.Build.0 = Debug|Any CPU
		{03AA7E93-8673-4492-A4E3-B12435F660E3}.Debug|iPhone.ActiveCfg = Debug|Any CPU
		{03AA7E93-8673-4492-A4E3-B12435F660E3}.Debug|iPhone.Build.0 = Debug|Any CPU
		{03AA7E93-8673-4492-A4E3-B12435F660E3}.Debug|iPhoneSimulator.ActiveCfg = Debug|Any CPU
		{03AA7E93-8673-4492-A4E3-B12435F660E3}.Debug|iPhoneSimulator.Build.0 = Debug|Any CPU
		{03AA7E93-8673-4492-A4E3-B12435F660E3}.Debug|x64.ActiveCfg = Debug|Any CPU
		{03AA7E93-8673-4492-A4E3-B12435F660E3}.Debug|x64.Build.0 = Debug|Any CPU
		{03AA7E93-8673-4492-A4E3-B12435F660E3}.Debug|x86.ActiveCfg = Debug|Any CPU
		{03AA7E93-8673-4492-A4E3-B12435F660E3}.Debug|x86.Build.0 = Debug|Any CPU
		{03AA7E93-8673-4492-A4E3-B12435F660E3}.Release|Any CPU.ActiveCfg = Release|Any CPU
		{03AA7E93-8673-4492-A4E3-B12435F660E3}.Release|Any CPU.Build.0 = Release|Any CPU
		{03AA7E93-8673-4492-A4E3-B12435F660E3}.Release|ARM.ActiveCfg = Release|Any CPU
		{03AA7E93-8673-4492-A4E3-B12435F660E3}.Release|ARM.Build.0 = Release|Any CPU
		{03AA7E93-8673-4492-A4E3-B12435F660E3}.Release|iPhone.ActiveCfg = Release|Any CPU
		{03AA7E93-8673-4492-A4E3-B12435F660E3}.Release|iPhone.Build.0 = Release|Any CPU
		{03AA7E93-8673-4492-A4E3-B12435F660E3}.Release|iPhoneSimulator.ActiveCfg = Release|Any CPU
		{03AA7E93-8673-4492-A4E3-B12435F660E3}.Release|iPhoneSimulator.Build.0 = Release|Any CPU
		{03AA7E93-8673-4492-A4E3-B12435F660E3}.Release|x64.ActiveCfg = Release|Any CPU
		{03AA7E93-8673-4492-A4E3-B12435F660E3}.Release|x64.Build.0 = Release|Any CPU
		{03AA7E93-8673-4492-A4E3-B12435F660E3}.Release|x86.ActiveCfg = Release|Any CPU
		{03AA7E93-8673-4492-A4E3-B12435F660E3}.Release|x86.Build.0 = Release|Any CPU
		{92D20DD6-42DD-436A-882B-D8549D511E05}.Debug|Any CPU.ActiveCfg = Debug|Any CPU
		{92D20DD6-42DD-436A-882B-D8549D511E05}.Debug|Any CPU.Build.0 = Debug|Any CPU
		{92D20DD6-42DD-436A-882B-D8549D511E05}.Debug|ARM.ActiveCfg = Debug|Any CPU
		{92D20DD6-42DD-436A-882B-D8549D511E05}.Debug|ARM.Build.0 = Debug|Any CPU
		{92D20DD6-42DD-436A-882B-D8549D511E05}.Debug|iPhone.ActiveCfg = Debug|Any CPU
		{92D20DD6-42DD-436A-882B-D8549D511E05}.Debug|iPhone.Build.0 = Debug|Any CPU
		{92D20DD6-42DD-436A-882B-D8549D511E05}.Debug|iPhoneSimulator.ActiveCfg = Debug|Any CPU
		{92D20DD6-42DD-436A-882B-D8549D511E05}.Debug|iPhoneSimulator.Build.0 = Debug|Any CPU
		{92D20DD6-42DD-436A-882B-D8549D511E05}.Debug|x64.ActiveCfg = Debug|Any CPU
		{92D20DD6-42DD-436A-882B-D8549D511E05}.Debug|x64.Build.0 = Debug|Any CPU
		{92D20DD6-42DD-436A-882B-D8549D511E05}.Debug|x86.ActiveCfg = Debug|Any CPU
		{92D20DD6-42DD-436A-882B-D8549D511E05}.Debug|x86.Build.0 = Debug|Any CPU
		{92D20DD6-42DD-436A-882B-D8549D511E05}.Release|Any CPU.ActiveCfg = Release|Any CPU
		{92D20DD6-42DD-436A-882B-D8549D511E05}.Release|Any CPU.Build.0 = Release|Any CPU
		{92D20DD6-42DD-436A-882B-D8549D511E05}.Release|ARM.ActiveCfg = Release|Any CPU
		{92D20DD6-42DD-436A-882B-D8549D511E05}.Release|ARM.Build.0 = Release|Any CPU
		{92D20DD6-42DD-436A-882B-D8549D511E05}.Release|iPhone.ActiveCfg = Release|Any CPU
		{92D20DD6-42DD-436A-882B-D8549D511E05}.Release|iPhone.Build.0 = Release|Any CPU
		{92D20DD6-42DD-436A-882B-D8549D511E05}.Release|iPhoneSimulator.ActiveCfg = Release|Any CPU
		{92D20DD6-42DD-436A-882B-D8549D511E05}.Release|iPhoneSimulator.Build.0 = Release|Any CPU
		{92D20DD6-42DD-436A-882B-D8549D511E05}.Release|x64.ActiveCfg = Release|Any CPU
		{92D20DD6-42DD-436A-882B-D8549D511E05}.Release|x64.Build.0 = Release|Any CPU
		{92D20DD6-42DD-436A-882B-D8549D511E05}.Release|x86.ActiveCfg = Release|Any CPU
		{92D20DD6-42DD-436A-882B-D8549D511E05}.Release|x86.Build.0 = Release|Any CPU
		{14B13880-1D74-4851-A5F7-7956B71BB408}.Debug|Any CPU.ActiveCfg = Debug|Any CPU
		{14B13880-1D74-4851-A5F7-7956B71BB408}.Debug|Any CPU.Build.0 = Debug|Any CPU
		{14B13880-1D74-4851-A5F7-7956B71BB408}.Debug|ARM.ActiveCfg = Debug|Any CPU
		{14B13880-1D74-4851-A5F7-7956B71BB408}.Debug|ARM.Build.0 = Debug|Any CPU
		{14B13880-1D74-4851-A5F7-7956B71BB408}.Debug|iPhone.ActiveCfg = Debug|Any CPU
		{14B13880-1D74-4851-A5F7-7956B71BB408}.Debug|iPhone.Build.0 = Debug|Any CPU
		{14B13880-1D74-4851-A5F7-7956B71BB408}.Debug|iPhoneSimulator.ActiveCfg = Debug|Any CPU
		{14B13880-1D74-4851-A5F7-7956B71BB408}.Debug|iPhoneSimulator.Build.0 = Debug|Any CPU
		{14B13880-1D74-4851-A5F7-7956B71BB408}.Debug|x64.ActiveCfg = Debug|Any CPU
		{14B13880-1D74-4851-A5F7-7956B71BB408}.Debug|x64.Build.0 = Debug|Any CPU
		{14B13880-1D74-4851-A5F7-7956B71BB408}.Debug|x86.ActiveCfg = Debug|Any CPU
		{14B13880-1D74-4851-A5F7-7956B71BB408}.Debug|x86.Build.0 = Debug|Any CPU
		{14B13880-1D74-4851-A5F7-7956B71BB408}.Release|Any CPU.ActiveCfg = Release|Any CPU
		{14B13880-1D74-4851-A5F7-7956B71BB408}.Release|Any CPU.Build.0 = Release|Any CPU
		{14B13880-1D74-4851-A5F7-7956B71BB408}.Release|ARM.ActiveCfg = Release|Any CPU
		{14B13880-1D74-4851-A5F7-7956B71BB408}.Release|ARM.Build.0 = Release|Any CPU
		{14B13880-1D74-4851-A5F7-7956B71BB408}.Release|iPhone.ActiveCfg = Release|Any CPU
		{14B13880-1D74-4851-A5F7-7956B71BB408}.Release|iPhone.Build.0 = Release|Any CPU
		{14B13880-1D74-4851-A5F7-7956B71BB408}.Release|iPhoneSimulator.ActiveCfg = Release|Any CPU
		{14B13880-1D74-4851-A5F7-7956B71BB408}.Release|iPhoneSimulator.Build.0 = Release|Any CPU
		{14B13880-1D74-4851-A5F7-7956B71BB408}.Release|x64.ActiveCfg = Release|Any CPU
		{14B13880-1D74-4851-A5F7-7956B71BB408}.Release|x64.Build.0 = Release|Any CPU
		{14B13880-1D74-4851-A5F7-7956B71BB408}.Release|x86.ActiveCfg = Release|Any CPU
		{14B13880-1D74-4851-A5F7-7956B71BB408}.Release|x86.Build.0 = Release|Any CPU
		{2B16AC4A-078F-4373-89FC-B7B1C726F71D}.Debug|Any CPU.ActiveCfg = Debug|x86
		{2B16AC4A-078F-4373-89FC-B7B1C726F71D}.Debug|Any CPU.Build.0 = Debug|x86
		{2B16AC4A-078F-4373-89FC-B7B1C726F71D}.Debug|ARM.ActiveCfg = Debug|ARM
		{2B16AC4A-078F-4373-89FC-B7B1C726F71D}.Debug|ARM.Build.0 = Debug|ARM
		{2B16AC4A-078F-4373-89FC-B7B1C726F71D}.Debug|ARM.Deploy.0 = Debug|ARM
		{2B16AC4A-078F-4373-89FC-B7B1C726F71D}.Debug|iPhone.ActiveCfg = Debug|x86
		{2B16AC4A-078F-4373-89FC-B7B1C726F71D}.Debug|iPhoneSimulator.ActiveCfg = Debug|x86
		{2B16AC4A-078F-4373-89FC-B7B1C726F71D}.Debug|x64.ActiveCfg = Debug|x64
		{2B16AC4A-078F-4373-89FC-B7B1C726F71D}.Debug|x64.Build.0 = Debug|x64
		{2B16AC4A-078F-4373-89FC-B7B1C726F71D}.Debug|x64.Deploy.0 = Debug|x64
		{2B16AC4A-078F-4373-89FC-B7B1C726F71D}.Debug|x86.ActiveCfg = Debug|x86
		{2B16AC4A-078F-4373-89FC-B7B1C726F71D}.Debug|x86.Build.0 = Debug|x86
		{2B16AC4A-078F-4373-89FC-B7B1C726F71D}.Debug|x86.Deploy.0 = Debug|x86
		{2B16AC4A-078F-4373-89FC-B7B1C726F71D}.Release|Any CPU.ActiveCfg = Release|x86
		{2B16AC4A-078F-4373-89FC-B7B1C726F71D}.Release|Any CPU.Build.0 = Release|x86
		{2B16AC4A-078F-4373-89FC-B7B1C726F71D}.Release|ARM.ActiveCfg = Release|ARM
		{2B16AC4A-078F-4373-89FC-B7B1C726F71D}.Release|ARM.Build.0 = Release|ARM
		{2B16AC4A-078F-4373-89FC-B7B1C726F71D}.Release|ARM.Deploy.0 = Release|ARM
		{2B16AC4A-078F-4373-89FC-B7B1C726F71D}.Release|iPhone.ActiveCfg = Release|x86
		{2B16AC4A-078F-4373-89FC-B7B1C726F71D}.Release|iPhoneSimulator.ActiveCfg = Release|x86
		{2B16AC4A-078F-4373-89FC-B7B1C726F71D}.Release|x64.ActiveCfg = Release|x64
		{2B16AC4A-078F-4373-89FC-B7B1C726F71D}.Release|x64.Build.0 = Release|x64
		{2B16AC4A-078F-4373-89FC-B7B1C726F71D}.Release|x64.Deploy.0 = Release|x64
		{2B16AC4A-078F-4373-89FC-B7B1C726F71D}.Release|x86.ActiveCfg = Release|x86
		{2B16AC4A-078F-4373-89FC-B7B1C726F71D}.Release|x86.Build.0 = Release|x86
		{2B16AC4A-078F-4373-89FC-B7B1C726F71D}.Release|x86.Deploy.0 = Release|x86
		{6944510B-F38B-4A62-A27F-B2353A5FC615}.Debug|Any CPU.ActiveCfg = Debug|Any CPU
		{6944510B-F38B-4A62-A27F-B2353A5FC615}.Debug|Any CPU.Deploy.0 = Debug|Any CPU
		{6944510B-F38B-4A62-A27F-B2353A5FC615}.Debug|ARM.ActiveCfg = Debug|Any CPU
		{6944510B-F38B-4A62-A27F-B2353A5FC615}.Debug|ARM.Build.0 = Debug|Any CPU
		{6944510B-F38B-4A62-A27F-B2353A5FC615}.Debug|ARM.Deploy.0 = Debug|Any CPU
		{6944510B-F38B-4A62-A27F-B2353A5FC615}.Debug|iPhone.ActiveCfg = Debug|Any CPU
		{6944510B-F38B-4A62-A27F-B2353A5FC615}.Debug|iPhone.Build.0 = Debug|Any CPU
		{6944510B-F38B-4A62-A27F-B2353A5FC615}.Debug|iPhone.Deploy.0 = Debug|Any CPU
		{6944510B-F38B-4A62-A27F-B2353A5FC615}.Debug|iPhoneSimulator.ActiveCfg = Debug|Any CPU
		{6944510B-F38B-4A62-A27F-B2353A5FC615}.Debug|iPhoneSimulator.Build.0 = Debug|Any CPU
		{6944510B-F38B-4A62-A27F-B2353A5FC615}.Debug|iPhoneSimulator.Deploy.0 = Debug|Any CPU
		{6944510B-F38B-4A62-A27F-B2353A5FC615}.Debug|x64.ActiveCfg = Debug|Any CPU
		{6944510B-F38B-4A62-A27F-B2353A5FC615}.Debug|x64.Build.0 = Debug|Any CPU
		{6944510B-F38B-4A62-A27F-B2353A5FC615}.Debug|x64.Deploy.0 = Debug|Any CPU
		{6944510B-F38B-4A62-A27F-B2353A5FC615}.Debug|x86.ActiveCfg = Debug|Any CPU
		{6944510B-F38B-4A62-A27F-B2353A5FC615}.Debug|x86.Build.0 = Debug|Any CPU
		{6944510B-F38B-4A62-A27F-B2353A5FC615}.Debug|x86.Deploy.0 = Debug|Any CPU
		{6944510B-F38B-4A62-A27F-B2353A5FC615}.Release|Any CPU.ActiveCfg = Release|Any CPU
		{6944510B-F38B-4A62-A27F-B2353A5FC615}.Release|ARM.ActiveCfg = Release|Any CPU
		{6944510B-F38B-4A62-A27F-B2353A5FC615}.Release|ARM.Build.0 = Release|Any CPU
		{6944510B-F38B-4A62-A27F-B2353A5FC615}.Release|ARM.Deploy.0 = Release|Any CPU
		{6944510B-F38B-4A62-A27F-B2353A5FC615}.Release|iPhone.ActiveCfg = Release|Any CPU
		{6944510B-F38B-4A62-A27F-B2353A5FC615}.Release|iPhone.Build.0 = Release|Any CPU
		{6944510B-F38B-4A62-A27F-B2353A5FC615}.Release|iPhone.Deploy.0 = Release|Any CPU
		{6944510B-F38B-4A62-A27F-B2353A5FC615}.Release|iPhoneSimulator.ActiveCfg = Release|Any CPU
		{6944510B-F38B-4A62-A27F-B2353A5FC615}.Release|iPhoneSimulator.Build.0 = Release|Any CPU
		{6944510B-F38B-4A62-A27F-B2353A5FC615}.Release|iPhoneSimulator.Deploy.0 = Release|Any CPU
		{6944510B-F38B-4A62-A27F-B2353A5FC615}.Release|x64.ActiveCfg = Release|Any CPU
		{6944510B-F38B-4A62-A27F-B2353A5FC615}.Release|x64.Build.0 = Release|Any CPU
		{6944510B-F38B-4A62-A27F-B2353A5FC615}.Release|x64.Deploy.0 = Release|Any CPU
		{6944510B-F38B-4A62-A27F-B2353A5FC615}.Release|x86.ActiveCfg = Release|Any CPU
		{6944510B-F38B-4A62-A27F-B2353A5FC615}.Release|x86.Build.0 = Release|Any CPU
		{6944510B-F38B-4A62-A27F-B2353A5FC615}.Release|x86.Deploy.0 = Release|Any CPU
		{4E70B0F7-BCB7-4D63-949F-55BB9338C819}.Debug|Any CPU.ActiveCfg = Debug|iPhoneSimulator
		{4E70B0F7-BCB7-4D63-949F-55BB9338C819}.Debug|ARM.ActiveCfg = Debug|iPhoneSimulator
		{4E70B0F7-BCB7-4D63-949F-55BB9338C819}.Debug|iPhone.ActiveCfg = Debug|iPhone
		{4E70B0F7-BCB7-4D63-949F-55BB9338C819}.Debug|iPhone.Build.0 = Debug|iPhone
		{4E70B0F7-BCB7-4D63-949F-55BB9338C819}.Debug|iPhoneSimulator.ActiveCfg = Debug|iPhoneSimulator
		{4E70B0F7-BCB7-4D63-949F-55BB9338C819}.Debug|iPhoneSimulator.Build.0 = Debug|iPhoneSimulator
		{4E70B0F7-BCB7-4D63-949F-55BB9338C819}.Debug|x64.ActiveCfg = Debug|iPhoneSimulator
		{4E70B0F7-BCB7-4D63-949F-55BB9338C819}.Debug|x86.ActiveCfg = Debug|iPhoneSimulator
		{4E70B0F7-BCB7-4D63-949F-55BB9338C819}.Release|Any CPU.ActiveCfg = Release|iPhoneSimulator
		{4E70B0F7-BCB7-4D63-949F-55BB9338C819}.Release|ARM.ActiveCfg = Release|iPhoneSimulator
		{4E70B0F7-BCB7-4D63-949F-55BB9338C819}.Release|iPhone.ActiveCfg = Release|iPhone
		{4E70B0F7-BCB7-4D63-949F-55BB9338C819}.Release|iPhone.Build.0 = Release|iPhone
		{4E70B0F7-BCB7-4D63-949F-55BB9338C819}.Release|iPhoneSimulator.ActiveCfg = Release|iPhoneSimulator
		{4E70B0F7-BCB7-4D63-949F-55BB9338C819}.Release|iPhoneSimulator.Build.0 = Release|iPhoneSimulator
		{4E70B0F7-BCB7-4D63-949F-55BB9338C819}.Release|x64.ActiveCfg = Release|iPhoneSimulator
		{4E70B0F7-BCB7-4D63-949F-55BB9338C819}.Release|x86.ActiveCfg = Release|iPhoneSimulator
		{7F3FB6F1-DADB-4C19-9058-F3E0D436171E}.Debug|Any CPU.ActiveCfg = Debug|Any CPU
		{7F3FB6F1-DADB-4C19-9058-F3E0D436171E}.Debug|Any CPU.Build.0 = Debug|Any CPU
		{7F3FB6F1-DADB-4C19-9058-F3E0D436171E}.Debug|ARM.ActiveCfg = Debug|Any CPU
		{7F3FB6F1-DADB-4C19-9058-F3E0D436171E}.Debug|ARM.Build.0 = Debug|Any CPU
		{7F3FB6F1-DADB-4C19-9058-F3E0D436171E}.Debug|iPhone.ActiveCfg = Debug|Any CPU
		{7F3FB6F1-DADB-4C19-9058-F3E0D436171E}.Debug|iPhone.Build.0 = Debug|Any CPU
		{7F3FB6F1-DADB-4C19-9058-F3E0D436171E}.Debug|iPhoneSimulator.ActiveCfg = Debug|Any CPU
		{7F3FB6F1-DADB-4C19-9058-F3E0D436171E}.Debug|iPhoneSimulator.Build.0 = Debug|Any CPU
		{7F3FB6F1-DADB-4C19-9058-F3E0D436171E}.Debug|x64.ActiveCfg = Debug|Any CPU
		{7F3FB6F1-DADB-4C19-9058-F3E0D436171E}.Debug|x64.Build.0 = Debug|Any CPU
		{7F3FB6F1-DADB-4C19-9058-F3E0D436171E}.Debug|x86.ActiveCfg = Debug|Any CPU
		{7F3FB6F1-DADB-4C19-9058-F3E0D436171E}.Debug|x86.Build.0 = Debug|Any CPU
		{7F3FB6F1-DADB-4C19-9058-F3E0D436171E}.Release|Any CPU.ActiveCfg = Release|Any CPU
		{7F3FB6F1-DADB-4C19-9058-F3E0D436171E}.Release|Any CPU.Build.0 = Release|Any CPU
		{7F3FB6F1-DADB-4C19-9058-F3E0D436171E}.Release|ARM.ActiveCfg = Release|Any CPU
		{7F3FB6F1-DADB-4C19-9058-F3E0D436171E}.Release|ARM.Build.0 = Release|Any CPU
		{7F3FB6F1-DADB-4C19-9058-F3E0D436171E}.Release|iPhone.ActiveCfg = Release|Any CPU
		{7F3FB6F1-DADB-4C19-9058-F3E0D436171E}.Release|iPhone.Build.0 = Release|Any CPU
		{7F3FB6F1-DADB-4C19-9058-F3E0D436171E}.Release|iPhoneSimulator.ActiveCfg = Release|Any CPU
		{7F3FB6F1-DADB-4C19-9058-F3E0D436171E}.Release|iPhoneSimulator.Build.0 = Release|Any CPU
		{7F3FB6F1-DADB-4C19-9058-F3E0D436171E}.Release|x64.ActiveCfg = Release|Any CPU
		{7F3FB6F1-DADB-4C19-9058-F3E0D436171E}.Release|x64.Build.0 = Release|Any CPU
		{7F3FB6F1-DADB-4C19-9058-F3E0D436171E}.Release|x86.ActiveCfg = Release|Any CPU
		{7F3FB6F1-DADB-4C19-9058-F3E0D436171E}.Release|x86.Build.0 = Release|Any CPU
	EndGlobalSection
	GlobalSection(SolutionProperties) = preSolution
		HideSolutionNode = FALSE
	EndGlobalSection
	GlobalSection(NestedProjects) = preSolution
		{2B16AC4A-078F-4373-89FC-B7B1C726F71D} = {BC812A42-6FB2-4298-840E-F9717208ABF2}
		{6944510B-F38B-4A62-A27F-B2353A5FC615} = {BC812A42-6FB2-4298-840E-F9717208ABF2}
		{4E70B0F7-BCB7-4D63-949F-55BB9338C819} = {BC812A42-6FB2-4298-840E-F9717208ABF2}
		{7F3FB6F1-DADB-4C19-9058-F3E0D436171E} = {BC812A42-6FB2-4298-840E-F9717208ABF2}
	EndGlobalSection
	GlobalSection(ExtensibilityGlobals) = postSolution
		SolutionGuid = {9E84A9AB-2086-498F-B84C-8BC83735DA49}
	EndGlobalSection
EndGlobal
